{
  "name": "veepai_uniappx",
  "version": "1.0.0",
  "lockfileVersion": 3,
  "requires": true,
  "packages": {
    "": {
      "name": "veepai_uniappx",
      "version": "1.0.0",
      "license": "ISC",
      "dependencies": {
        "firstui-unix": "^1.4.0"
      }
    },
    "node_modules/firstui-unix": {
      "version": "1.4.0",
      "resolved": "https://registry.npmjs.org/firstui-unix/-/firstui-unix-1.4.0.tgz",
      "integrity": "sha512-pmkGkXe17PIRGtCSBa55j8LmlCVuBQa36TnbZhq9551zSH02rY8R0/MsBFZQxARr7l1A7ksqRKPkkWQghdUnOA==",
      "license": "Apache"
    }
  }
}
